dependencies:
- name: postgresql
  repository: https://charts.bitnami.com/bitnami
  version: 8.7.2
- name: postgresql
  repository: https://charts.bitnami.com/bitnami
  version: 8.7.2
- name: redis
  repository: https://charts.bitnami.com/bitnami
  version: 10.7.1
- name: cp-helm-charts
  repository: https://confluentinc.github.io/cp-helm-charts/
  version: 0.5.0
digest: sha256:1290faab641ce8b2c433bb17a404b07ef8b0e6f7e1a5b955d89477ddedaf6d8a
generated: "2020-08-03T18:00:32.705707+03:00"
